
Microsoft Visual Studio Solution File, Format Version 12.00
# Visual Studio 15
VisualStudioVersion = 15.0.28307.168
MinimumVisualStudioVersion = 10.0.40219.1
Project("{FAE04EC0-301F-11D3-BF4B-00C04F79EFBC}") = "Linkidin", "Linkidin\Linkidin.csproj", "{1D12BCDF-90AA-49A0-802A-38334659AD32}"
EndProject
Global
	GlobalSection(SolutionConfigurationPlatforms) = preSolution
		Debug|Any CPU = Debug|Any CPU
		Release|Any CPU = Release|Any CPU
	EndGlobalSection
	GlobalSection(ProjectConfigurationPlatforms) = postSolution
		{1D12BCDF-90AA-49A0-802A-38334659AD32}.Debug|Any CPU.ActiveCfg = Debug|Any CPU
		{1D12BCDF-90AA-49A0-802A-38334659AD32}.Debug|Any CPU.Build.0 = Debug|Any CPU
		{1D12BCDF-90AA-49A0-802A-38334659AD32}.Release|Any CPU.ActiveCfg = Release|Any CPU
		{1D12BCDF-90AA-49A0-802A-38334659AD32}.Release|Any CPU.Build.0 = Release|Any CPU
	EndGlobalSection
	GlobalSection(SolutionProperties) = preSolution
		HideSolutionNode = FALSE
	EndGlobalSection
	GlobalSection(ExtensibilityGlobals) = postSolution
		SolutionGuid = {6E26206C-8F77-4337-BF3F-2C67171F5C07}
	EndGlobalSection
EndGlobal
